
Microsoft Visual Studio Solution File, Format Version 12.00
# Visual Studio Version 17
VisualStudioVersion = 17.0.32112.339
MinimumVisualStudioVersion = 10.0.40219.1
Project("{8BC9CEB8-8B4A-11D0-8D11-00A0C91BC942}") = "DX12P", "DX12P\DX12P.vcxproj", "{B43922BA-0BAF-4590-BF66-B16816F32196}"
	ProjectSection(ProjectDependencies) = postProject
		{03D23B39-2DD6-4142-AF4C-B57B8CA69576} = {03D23B39-2DD6-4142-AF4C-B57B8CA69576}
	EndProjectSection
EndProject
Project("{8BC9CEB8-8B4A-11D0-8D11-00A0C91BC942}") = "Lua", "Lua\Lua.vcxproj", "{03D23B39-2DD6-4142-AF4C-B57B8CA69576}"
EndProject
Global
	GlobalSection(SolutionConfigurationPlatforms) = preSolution
		Debug|x64 = Debug|x64
		Debug|x86 = Debug|x86
		Release|x64 = Release|x64
		Release|x86 = Release|x86
	EndGlobalSection
	GlobalSection(ProjectConfigurationPlatforms) = postSolution
		{B43922BA-0BAF-4590-BF66-B16816F32196}.Debug|x64.ActiveCfg = Debug|x64
		{B43922BA-0BAF-4590-BF66-B16816F32196}.Debug|x64.Build.0 = Debug|x64
		{B43922BA-0BAF-4590-BF66-B16816F32196}.Debug|x86.ActiveCfg = Debug|Win32
		{B43922BA-0BAF-4590-BF66-B16816F32196}.Debug|x86.Build.0 = Debug|Win32
		{B43922BA-0BAF-4590-BF66-B16816F32196}.Release|x64.ActiveCfg = Release|x64
		{B43922BA-0BAF-4590-BF66-B16816F32196}.Release|x64.Build.0 = Release|x64
		{B43922BA-0BAF-4590-BF66-B16816F32196}.Release|x86.ActiveCfg = Release|Win32
		{B43922BA-0BAF-4590-BF66-B16816F32196}.Release|x86.Build.0 = Release|Win32
		{03D23B39-2DD6-4142-AF4C-B57B8CA69576}.Debug|x64.ActiveCfg = Debug|x64
		{03D23B39-2DD6-4142-AF4C-B57B8CA69576}.Debug|x64.Build.0 = Debug|x64
		{03D23B39-2DD6-4142-AF4C-B57B8CA69576}.Debug|x86.ActiveCfg = Debug|Win32
		{03D23B39-2DD6-4142-AF4C-B57B8CA69576}.Debug|x86.Build.0 = Debug|Win32
		{03D23B39-2DD6-4142-AF4C-B57B8CA69576}.Release|x64.ActiveCfg = Release|x64
		{03D23B39-2DD6-4142-AF4C-B57B8CA69576}.Release|x64.Build.0 = Release|x64
		{03D23B39-2DD6-4142-AF4C-B57B8CA69576}.Release|x86.ActiveCfg = Release|Win32
		{03D23B39-2DD6-4142-AF4C-B57B8CA69576}.Release|x86.Build.0 = Release|Win32
	EndGlobalSection
	GlobalSection(SolutionProperties) = preSolution
		HideSolutionNode = FALSE
	EndGlobalSection
	GlobalSection(ExtensibilityGlobals) = postSolution
		SolutionGuid = {F722A532-4ED8-40B9-A506-27290AE8C84F}
	EndGlobalSection
EndGlobal
