<?xml version="1.0" encoding="utf-8"?>
<Project ToolsVersion="4.0" xmlns="http://schemas.microsoft.com/developer/msbuild/2003">
  <ItemGroup>
    <Filter Include="Source Files">
      <UniqueIdentifier>{4FC737F1-C7A5-4376-A066-2A32D752A2FF}</UniqueIdentifier>
      <Extensions>cpp;c;cc;cxx;c++;cppm;ixx;def;odl;idl;hpj;bat;asm;asmx</Extensions>
    </Filter>
    <Filter Include="Header Files">
      <UniqueIdentifier>{93995380-89BD-4b04-88EB-625FBE52EBFB}</UniqueIdentifier>
      <Extensions>h;hh;hpp;hxx;h++;hm;inl;inc;ipp;xsd</Extensions>
    </Filter>
    <Filter Include="Resource Files">
      <UniqueIdentifier>{67DA6AB6-F800-4c08-8B7A-83BB121AAD01}</UniqueIdentifier>
      <Extensions>rc;ico;cur;bmp;dlg;rc2;rct;bin;rgs;gif;jpg;jpeg;jpe;resx;tiff;tif;png;wav;mfcribbon-ms</Extensions>
    </Filter>
    <Filter Include="Header Files\imgui">
      <UniqueIdentifier>{786d84fe-fdf1-4393-a3ba-5fa576fb9a41}</UniqueIdentifier>
    </Filter>
    <Filter Include="Header Files\Window">
      <UniqueIdentifier>{73af37f7-560a-411c-8e7a-e879ddd8a342}</UniqueIdentifier>
    </Filter>
    <Filter Include="Header Files\Renderer">
      <UniqueIdentifier>{b139b082-0712-42e7-974a-f0feb2f4a1d1}</UniqueIdentifier>
    </Filter>
    <Filter Include="Header Files\Renderer\DX12">
      <UniqueIdentifier>{465fe0f0-4f17-4c46-b7b9-f6ee2bb6f3d5}</UniqueIdentifier>
    </Filter>
    <Filter Include="Header Files\Renderer\DX11">
      <UniqueIdentifier>{4be6ce7a-ac47-46ae-abdd-506667007ba5}</UniqueIdentifier>
    </Filter>
    <Filter Include="Header Files\Renderer\ShaderFuncs">
      <UniqueIdentifier>{22057ae3-41a3-4efa-a9b6-2406c86200cc}</UniqueIdentifier>
    </Filter>
    <Filter Include="Header Files\Window\specificWindow">
      <UniqueIdentifier>{aff57264-71d4-4e3f-a10e-74ce6030d57a}</UniqueIdentifier>
    </Filter>
    <Filter Include="Header Files\Renderer\3DCommons">
      <UniqueIdentifier>{af297f12-283a-4e83-8042-b0c3c31a4f2a}</UniqueIdentifier>
    </Filter>
    <Filter Include="Header Files\PipelineObjects">
      <UniqueIdentifier>{4333a185-141f-4641-86f4-2262637f3457}</UniqueIdentifier>
    </Filter>
    <Filter Include="Header Files\LuaSingle">
      <UniqueIdentifier>{0f6fbf38-2f58-49c1-b04e-b0639f645858}</UniqueIdentifier>
    </Filter>
    <Filter Include="Header Files\LuaWork">
      <UniqueIdentifier>{73dc839d-a151-41c4-b6fa-a89539538fb3}</UniqueIdentifier>
    </Filter>
  </ItemGroup>
  <ItemGroup>
    <ClCompile Include="Main.cpp">
      <Filter>Source Files</Filter>
    </ClCompile>
    <ClCompile Include="imGUI\imgui.cpp">
      <Filter>Header Files\imgui</Filter>
    </ClCompile>
    <ClCompile Include="imGUI\imgui_draw.cpp">
      <Filter>Header Files\imgui</Filter>
    </ClCompile>
    <ClCompile Include="imGUI\imgui_impl_dx12.cpp">
      <Filter>Header Files\imgui</Filter>
    </ClCompile>
    <ClCompile Include="imGUI\imgui_impl_glfw.cpp">
      <Filter>Header Files\imgui</Filter>
    </ClCompile>
    <ClCompile Include="imGUI\imgui_tables.cpp">
      <Filter>Header Files\imgui</Filter>
    </ClCompile>
    <ClCompile Include="imGUI\imgui_widgets.cpp">
      <Filter>Header Files\imgui</Filter>
    </ClCompile>
    <ClCompile Include="imGUI\imgui_demo.cpp">
      <Filter>Header Files\imgui</Filter>
    </ClCompile>
    <ClCompile Include="imGUI\imgui_stdlib.cpp">
      <Filter>Header Files\imgui</Filter>
    </ClCompile>
    <ClCompile Include="imGUI\imgui_impl_dx11.cpp">
      <Filter>Header Files\imgui</Filter>
    </ClCompile>
  </ItemGroup>
  <ItemGroup>
    <ClInclude Include="imGUI\imconfig.h">
      <Filter>Header Files\imgui</Filter>
    </ClInclude>
    <ClInclude Include="imGUI\imgui.h">
      <Filter>Header Files\imgui</Filter>
    </ClInclude>
    <ClInclude Include="imGUI\imgui_impl_dx12.h">
      <Filter>Header Files\imgui</Filter>
    </ClInclude>
    <ClInclude Include="imGUI\imgui_internal.h">
      <Filter>Header Files\imgui</Filter>
    </ClInclude>
    <ClInclude Include="imGUI\imgui_impl_glfw.h">
      <Filter>Header Files\imgui</Filter>
    </ClInclude>
    <ClInclude Include="imGUI\imstb_textedit.h">
      <Filter>Header Files\imgui</Filter>
    </ClInclude>
    <ClInclude Include="imGUI\imstb_rectpack.h">
      <Filter>Header Files\imgui</Filter>
    </ClInclude>
    <ClInclude Include="imGUI\imstb_truetype.h">
      <Filter>Header Files\imgui</Filter>
    </ClInclude>
    <ClInclude Include="imGUI\imgui_stdlib.h">
      <Filter>Header Files\imgui</Filter>
    </ClInclude>
    <ClInclude Include="Window\GUI_Logic.h">
      <Filter>Header Files\Window</Filter>
    </ClInclude>
    <ClInclude Include="Window\Window_Type.h">
      <Filter>Header Files\Window</Filter>
    </ClInclude>
    <ClInclude Include="Window\Window.h">
      <Filter>Header Files\Window</Filter>
    </ClInclude>
    <ClInclude Include="imGUI\imgui_impl_dx11.h">
      <Filter>Header Files\imgui</Filter>
    </ClInclude>
    <ClInclude Include="Renderer\DX12H.h">
      <Filter>Header Files\Renderer\DX12</Filter>
    </ClInclude>
    <ClInclude Include="Special_DX_Headers\d3dx12.h">
      <Filter>Header Files\Renderer\DX12</Filter>
    </ClInclude>
    <ClInclude Include="Renderer\DX11H.h">
      <Filter>Header Files\Renderer\DX11</Filter>
    </ClInclude>
    <ClInclude Include="Renderer\ShaderFunc\DX11ShaderFuncs.h">
      <Filter>Header Files\Renderer\ShaderFuncs</Filter>
    </ClInclude>
    <ClInclude Include="Renderer\Renderable.h">
      <Filter>Header Files\Renderer</Filter>
    </ClInclude>
    <ClInclude Include="Renderer\DXSafeInclude.h">
      <Filter>Header Files\Renderer</Filter>
    </ClInclude>
    <ClInclude Include="Renderer\DX11IncludeMain.h">
      <Filter>Header Files\Renderer\DX11</Filter>
    </ClInclude>
    <ClInclude Include="Renderer\DX12IncludeMain.h">
      <Filter>Header Files\Renderer\DX12</Filter>
    </ClInclude>
    <ClInclude Include="Renderer\ShaderFunc\DX12ShaderFuncs.h">
      <Filter>Header Files\Renderer\ShaderFuncs</Filter>
    </ClInclude>
    <ClInclude Include="Window\Pipeline_Window.h">
      <Filter>Header Files\Window\specificWindow</Filter>
    </ClInclude>
    <ClInclude Include="Window\Scene_Window.h">
      <Filter>Header Files\Window\specificWindow</Filter>
    </ClInclude>
    <ClInclude Include="Window\Settings_Window.h">
      <Filter>Header Files\Window\specificWindow</Filter>
    </ClInclude>
    <ClInclude Include="Window\Editor_Window.h">
      <Filter>Header Files\Window\specificWindow</Filter>
    </ClInclude>
    <ClInclude Include="Renderer\RenderableManager.h">
      <Filter>Header Files\Renderer</Filter>
    </ClInclude>
    <ClInclude Include="Renderer\3DCommons\ofbxMini.h">
      <Filter>Header Files\Renderer\3DCommons</Filter>
    </ClInclude>
    <ClInclude Include="Renderer\3DCommons\3DCommon.h">
      <Filter>Header Files\Renderer\3DCommons</Filter>
    </ClInclude>
    <ClInclude Include="Renderer\3DCommons\3DDXObj.h">
      <Filter>Header Files\Renderer\3DCommons</Filter>
    </ClInclude>
    <ClInclude Include="Window\Main_Window.h">
      <Filter>Header Files\Window\specificWindow</Filter>
    </ClInclude>
    <ClInclude Include="Window\Master_ImGUI_Settings.h">
      <Filter>Header Files\Window\specificWindow</Filter>
    </ClInclude>
    <ClInclude Include="PipelineObj\PipelineMain.h">
      <Filter>Header Files\PipelineObjects</Filter>
    </ClInclude>
    <ClInclude Include="LuaSingle\sol.hpp">
      <Filter>Header Files\LuaSingle</Filter>
    </ClInclude>
    <ClInclude Include="LuaSingle\config.hpp">
      <Filter>Header Files\LuaSingle</Filter>
    </ClInclude>
    <ClInclude Include="LuaSingle\forward.hpp">
      <Filter>Header Files\LuaSingle</Filter>
    </ClInclude>
    <ClInclude Include="LuaWork\LuaObj.h">
      <Filter>Header Files\LuaWork</Filter>
    </ClInclude>
    <ClInclude Include="FileManager_Window.h">
      <Filter>Header Files\Window\specificWindow</Filter>
    </ClInclude>
  </ItemGroup>
</Project>